
Microsoft Visual Studio Solution File, Format Version 12.00
# Visual Studio Version 16
VisualStudioVersion = 16.0.29806.167
MinimumVisualStudioVersion = 10.0.40219.1
Project("{FAE04EC0-301F-11D3-BF4B-00C04F79EFBC}") = "Client", "GUITestSystem\Client.csproj", "{22C24572-1BCD-4C25-A56C-3C21E18DDB2B}"
EndProject
Project("{FAE04EC0-301F-11D3-BF4B-00C04F79EFBC}") = "Server", "Server\Server.csproj", "{FD03BB06-9594-435A-ABF8-D64B8BB2CC6B}"
EndProject
Project("{FAE04EC0-301F-11D3-BF4B-00C04F79EFBC}") = "Cadidates", "Cadidates\Cadidates.csproj", "{EF061BCE-B6DF-4EEC-B163-060D2529D995}"
EndProject
Global
	GlobalSection(SolutionConfigurationPlatforms) = preSolution
		Debug|Any CPU = Debug|Any CPU
		Release|Any CPU = Release|Any CPU
	EndGlobalSection
	GlobalSection(ProjectConfigurationPlatforms) = postSolution
		{22C24572-1BCD-4C25-A56C-3C21E18DDB2B}.Debug|Any CPU.ActiveCfg = Debug|Any CPU
		{22C24572-1BCD-4C25-A56C-3C21E18DDB2B}.Debug|Any CPU.Build.0 = Debug|Any CPU
		{22C24572-1BCD-4C25-A56C-3C21E18DDB2B}.Release|Any CPU.ActiveCfg = Release|Any CPU
		{22C24572-1BCD-4C25-A56C-3C21E18DDB2B}.Release|Any CPU.Build.0 = Release|Any CPU
		{FD03BB06-9594-435A-ABF8-D64B8BB2CC6B}.Debug|Any CPU.ActiveCfg = Debug|Any CPU
		{FD03BB06-9594-435A-ABF8-D64B8BB2CC6B}.Debug|Any CPU.Build.0 = Debug|Any CPU
		{FD03BB06-9594-435A-ABF8-D64B8BB2CC6B}.Release|Any CPU.ActiveCfg = Release|Any CPU
		{FD03BB06-9594-435A-ABF8-D64B8BB2CC6B}.Release|Any CPU.Build.0 = Release|Any CPU
		{EF061BCE-B6DF-4EEC-B163-060D2529D995}.Debug|Any CPU.ActiveCfg = Debug|Any CPU
		{EF061BCE-B6DF-4EEC-B163-060D2529D995}.Debug|Any CPU.Build.0 = Debug|Any CPU
		{EF061BCE-B6DF-4EEC-B163-060D2529D995}.Release|Any CPU.ActiveCfg = Release|Any CPU
		{EF061BCE-B6DF-4EEC-B163-060D2529D995}.Release|Any CPU.Build.0 = Release|Any CPU
	EndGlobalSection
	GlobalSection(SolutionProperties) = preSolution
		HideSolutionNode = FALSE
	EndGlobalSection
	GlobalSection(ExtensibilityGlobals) = postSolution
		SolutionGuid = {4C4D3930-886E-4F78-981F-2F9DF7BF34EA}
	EndGlobalSection
EndGlobal
